
Microsoft Visual Studio Solution File, Format Version 12.00
# Visual Studio Version 16
VisualStudioVersion = 16.0.29509.3
MinimumVisualStudioVersion = 10.0.40219.1
Project("{9A19103F-16F7-4668-BE54-9A1E7A4F7556}") = "aspnetcore-api", "aspnetcore-api.csproj", "{F9186107-FDCD-4A6D-9ACA-089C926CC58E}"
EndProject
Global
	GlobalSection(SolutionConfigurationPlatforms) = preSolution
		Debug|Any CPU = Debug|Any CPU
		Release|Any CPU = Release|Any CPU
	EndGlobalSection
	GlobalSection(ProjectConfigurationPlatforms) = postSolution
		{F9186107-FDCD-4A6D-9ACA-089C926CC58E}.Debug|Any CPU.ActiveCfg = Debug|Any CPU
		{F9186107-FDCD-4A6D-9ACA-089C926CC58E}.Debug|Any CPU.Build.0 = Debug|Any CPU
		{F9186107-FDCD-4A6D-9ACA-089C926CC58E}.Release|Any CPU.ActiveCfg = Release|Any CPU
		{F9186107-FDCD-4A6D-9ACA-089C926CC58E}.Release|Any CPU.Build.0 = Release|Any CPU
	EndGlobalSection
	GlobalSection(SolutionProperties) = preSolution
		HideSolutionNode = FALSE
	EndGlobalSection
	GlobalSection(ExtensibilityGlobals) = postSolution
		SolutionGuid = {A71FFB55-7355-451B-9719-807F1908D6D7}
	EndGlobalSection
EndGlobal
